
Microsoft Visual Studio Solution File, Format Version 12.00
# Visual Studio Version 17
VisualStudioVersion = 17.11.35312.102
MinimumVisualStudioVersion = 10.0.40219.1
Project("{FAE04EC0-301F-11D3-BF4B-00C04F79EFBC}") = "01_MainSubjects", "01_MainSubjects\01_MainSubjects.csproj", "{5A706B8A-CDEF-4D25-A02C-2D7D14FFC34C}"
EndProject
Project("{FAE04EC0-301F-11D3-BF4B-00C04F79EFBC}") = "02_Variables", "02_Variables\02_Variables.csproj", "{7D4DC85B-0918-43D5-8318-A1EA2B4CABE5}"
EndProject
Project("{FAE04EC0-301F-11D3-BF4B-00C04F79EFBC}") = "03_MakingDecision", "03_MakingDecision\03_MakingDecision.csproj", "{7A7EA8F4-BCD6-440D-B3D8-A773B2962BE2}"
EndProject
Project("{FAE04EC0-301F-11D3-BF4B-00C04F79EFBC}") = "04_Loops", "04_Loops\04_Loops.csproj", "{B58447C4-35E9-455E-81C6-A951C1607CA5}"
EndProject
Project("{FAE04EC0-301F-11D3-BF4B-00C04F79EFBC}") = "05_LoopsWithStars", "05_LoopsWithStars\05_LoopsWithStars.csproj", "{63CEDF36-50EF-401F-B818-735E7D003916}"
EndProject
Project("{FAE04EC0-301F-11D3-BF4B-00C04F79EFBC}") = "06_Arrays", "06_Arrays\06_Arrays.csproj", "{2D860F32-AC87-43AB-B3BF-787413E3EB3D}"
EndProject
Project("{FAE04EC0-301F-11D3-BF4B-00C04F79EFBC}") = "07_ForeachLoop", "07_ForeachLoop\07_ForeachLoop.csproj", "{72D9890B-4994-4045-B168-8CCDAB86C5C6}"
EndProject
Project("{FAE04EC0-301F-11D3-BF4B-00C04F79EFBC}") = "08_Methods", "08_Methods\08_Methods.csproj", "{06DC30D8-A9D6-4EA2-A0A3-71D5452D66F4}"
EndProject
Project("{FAE04EC0-301F-11D3-BF4B-00C04F79EFBC}") = "09_DataBaseProject", "09_DataBaseProject\09_DataBaseProject.csproj", "{823378B1-975E-41E8-84D5-D9FEDCE33FAD}"
EndProject
Project("{FAE04EC0-301F-11D3-BF4B-00C04F79EFBC}") = "10_DatabaseCrud", "10_DatabaseCrud\10_DatabaseCrud.csproj", "{857B8B71-B152-4EF0-BB5D-B9786A5BC075}"
EndProject
Global
	GlobalSection(SolutionConfigurationPlatforms) = preSolution
		Debug|Any CPU = Debug|Any CPU
		Release|Any CPU = Release|Any CPU
	EndGlobalSection
	GlobalSection(ProjectConfigurationPlatforms) = postSolution
		{5A706B8A-CDEF-4D25-A02C-2D7D14FFC34C}.Debug|Any CPU.ActiveCfg = Debug|Any CPU
		{5A706B8A-CDEF-4D25-A02C-2D7D14FFC34C}.Debug|Any CPU.Build.0 = Debug|Any CPU
		{5A706B8A-CDEF-4D25-A02C-2D7D14FFC34C}.Release|Any CPU.ActiveCfg = Release|Any CPU
		{5A706B8A-CDEF-4D25-A02C-2D7D14FFC34C}.Release|Any CPU.Build.0 = Release|Any CPU
		{7D4DC85B-0918-43D5-8318-A1EA2B4CABE5}.Debug|Any CPU.ActiveCfg = Debug|Any CPU
		{7D4DC85B-0918-43D5-8318-A1EA2B4CABE5}.Debug|Any CPU.Build.0 = Debug|Any CPU
		{7D4DC85B-0918-43D5-8318-A1EA2B4CABE5}.Release|Any CPU.ActiveCfg = Release|Any CPU
		{7D4DC85B-0918-43D5-8318-A1EA2B4CABE5}.Release|Any CPU.Build.0 = Release|Any CPU
		{7A7EA8F4-BCD6-440D-B3D8-A773B2962BE2}.Debug|Any CPU.ActiveCfg = Debug|Any CPU
		{7A7EA8F4-BCD6-440D-B3D8-A773B2962BE2}.Debug|Any CPU.Build.0 = Debug|Any CPU
		{7A7EA8F4-BCD6-440D-B3D8-A773B2962BE2}.Release|Any CPU.ActiveCfg = Release|Any CPU
		{7A7EA8F4-BCD6-440D-B3D8-A773B2962BE2}.Release|Any CPU.Build.0 = Release|Any CPU
		{B58447C4-35E9-455E-81C6-A951C1607CA5}.Debug|Any CPU.ActiveCfg = Debug|Any CPU
		{B58447C4-35E9-455E-81C6-A951C1607CA5}.Debug|Any CPU.Build.0 = Debug|Any CPU
		{B58447C4-35E9-455E-81C6-A951C1607CA5}.Release|Any CPU.ActiveCfg = Release|Any CPU
		{B58447C4-35E9-455E-81C6-A951C1607CA5}.Release|Any CPU.Build.0 = Release|Any CPU
		{63CEDF36-50EF-401F-B818-735E7D003916}.Debug|Any CPU.ActiveCfg = Debug|Any CPU
		{63CEDF36-50EF-401F-B818-735E7D003916}.Debug|Any CPU.Build.0 = Debug|Any CPU
		{63CEDF36-50EF-401F-B818-735E7D003916}.Release|Any CPU.ActiveCfg = Release|Any CPU
		{63CEDF36-50EF-401F-B818-735E7D003916}.Release|Any CPU.Build.0 = Release|Any CPU
		{2D860F32-AC87-43AB-B3BF-787413E3EB3D}.Debug|Any CPU.ActiveCfg = Debug|Any CPU
		{2D860F32-AC87-43AB-B3BF-787413E3EB3D}.Debug|Any CPU.Build.0 = Debug|Any CPU
		{2D860F32-AC87-43AB-B3BF-787413E3EB3D}.Release|Any CPU.ActiveCfg = Release|Any CPU
		{2D860F32-AC87-43AB-B3BF-787413E3EB3D}.Release|Any CPU.Build.0 = Release|Any CPU
		{72D9890B-4994-4045-B168-8CCDAB86C5C6}.Debug|Any CPU.ActiveCfg = Debug|Any CPU
		{72D9890B-4994-4045-B168-8CCDAB86C5C6}.Debug|Any CPU.Build.0 = Debug|Any CPU
		{72D9890B-4994-4045-B168-8CCDAB86C5C6}.Release|Any CPU.ActiveCfg = Release|Any CPU
		{72D9890B-4994-4045-B168-8CCDAB86C5C6}.Release|Any CPU.Build.0 = Release|Any CPU
		{06DC30D8-A9D6-4EA2-A0A3-71D5452D66F4}.Debug|Any CPU.ActiveCfg = Debug|Any CPU
		{06DC30D8-A9D6-4EA2-A0A3-71D5452D66F4}.Debug|Any CPU.Build.0 = Debug|Any CPU
		{06DC30D8-A9D6-4EA2-A0A3-71D5452D66F4}.Release|Any CPU.ActiveCfg = Release|Any CPU
		{06DC30D8-A9D6-4EA2-A0A3-71D5452D66F4}.Release|Any CPU.Build.0 = Release|Any CPU
		{823378B1-975E-41E8-84D5-D9FEDCE33FAD}.Debug|Any CPU.ActiveCfg = Debug|Any CPU
		{823378B1-975E-41E8-84D5-D9FEDCE33FAD}.Debug|Any CPU.Build.0 = Debug|Any CPU
		{823378B1-975E-41E8-84D5-D9FEDCE33FAD}.Release|Any CPU.ActiveCfg = Release|Any CPU
		{823378B1-975E-41E8-84D5-D9FEDCE33FAD}.Release|Any CPU.Build.0 = Release|Any CPU
		{857B8B71-B152-4EF0-BB5D-B9786A5BC075}.Debug|Any CPU.ActiveCfg = Debug|Any CPU
		{857B8B71-B152-4EF0-BB5D-B9786A5BC075}.Debug|Any CPU.Build.0 = Debug|Any CPU
		{857B8B71-B152-4EF0-BB5D-B9786A5BC075}.Release|Any CPU.ActiveCfg = Release|Any CPU
		{857B8B71-B152-4EF0-BB5D-B9786A5BC075}.Release|Any CPU.Build.0 = Release|Any CPU
	EndGlobalSection
	GlobalSection(SolutionProperties) = preSolution
		HideSolutionNode = FALSE
	EndGlobalSection
	GlobalSection(ExtensibilityGlobals) = postSolution
		SolutionGuid = {76E13875-1C86-4160-8F58-3292BE83809E}
	EndGlobalSection
EndGlobal
